
Microsoft Visual Studio Solution File, Format Version 12.00
# Visual Studio Version 17
VisualStudioVersion = 17.5.33414.496
MinimumVisualStudioVersion = 10.0.40219.1
Project("{FAE04EC0-301F-11D3-BF4B-00C04F79EFBC}") = "LanguageFeatures", "LanguageFeatures\LanguageFeatures.csproj", "{05C818CC-206A-4B48-9753-8095E2F2B830}"
EndProject
Global
	GlobalSection(SolutionConfigurationPlatforms) = preSolution
		Debug|Any CPU = Debug|Any CPU
		Release|Any CPU = Release|Any CPU
	EndGlobalSection
	GlobalSection(ProjectConfigurationPlatforms) = postSolution
		{05C818CC-206A-4B48-9753-8095E2F2B830}.Debug|Any CPU.ActiveCfg = Debug|Any CPU
		{05C818CC-206A-4B48-9753-8095E2F2B830}.Debug|Any CPU.Build.0 = Debug|Any CPU
		{05C818CC-206A-4B48-9753-8095E2F2B830}.Release|Any CPU.ActiveCfg = Release|Any CPU
		{05C818CC-206A-4B48-9753-8095E2F2B830}.Release|Any CPU.Build.0 = Release|Any CPU
	EndGlobalSection
	GlobalSection(SolutionProperties) = preSolution
		HideSolutionNode = FALSE
	EndGlobalSection
	GlobalSection(ExtensibilityGlobals) = postSolution
		SolutionGuid = {677650AB-47A6-414E-B088-7C5A5965695F}
	EndGlobalSection
EndGlobal
