
Microsoft Visual Studio Solution File, Format Version 12.00
# Visual Studio Version 17
VisualStudioVersion = 17.5.33414.496
MinimumVisualStudioVersion = 10.0.40219.1
Project("{FAE04EC0-301F-11D3-BF4B-00C04F79EFBC}") = "PartyInvites", "PartyInvites\PartyInvites.csproj", "{EEBA36EB-9828-4CCD-A42D-F682BDF798CB}"
EndProject
Global
	GlobalSection(SolutionConfigurationPlatforms) = preSolution
		Debug|Any CPU = Debug|Any CPU
		Release|Any CPU = Release|Any CPU
	EndGlobalSection
	GlobalSection(ProjectConfigurationPlatforms) = postSolution
		{EEBA36EB-9828-4CCD-A42D-F682BDF798CB}.Debug|Any CPU.ActiveCfg = Debug|Any CPU
		{EEBA36EB-9828-4CCD-A42D-F682BDF798CB}.Debug|Any CPU.Build.0 = Debug|Any CPU
		{EEBA36EB-9828-4CCD-A42D-F682BDF798CB}.Release|Any CPU.ActiveCfg = Release|Any CPU
		{EEBA36EB-9828-4CCD-A42D-F682BDF798CB}.Release|Any CPU.Build.0 = Release|Any CPU
	EndGlobalSection
	GlobalSection(SolutionProperties) = preSolution
		HideSolutionNode = FALSE
	EndGlobalSection
	GlobalSection(ExtensibilityGlobals) = postSolution
		SolutionGuid = {E708DC38-D5BB-4737-BFCF-C5703375060E}
	EndGlobalSection
EndGlobal
